# THIS IS AN AUTOGENERATED FILE. DO NOT EDIT THIS FILE DIRECTLY.
# yarn lockfile v1


"@cloudflare/wrangler@^1.19.8":
  version "1.19.8"
  resolved "https://registry.yarnpkg.com/@cloudflare/wrangler/-/wrangler-1.19.8.tgz#fd5b6cbb2ec353c0fc479575667561884a267ca6"
  integrity sha512-bckvdgBT3ZkvJQtGhdWEwa7GKi3zWYlxBPQoaOa+Utqw4bzg3BkbzUouI8+7WmcvkOoLxQ2emgTTNfudHBcCqA==
  dependencies:
    axios "^0.21.1"
    rimraf "^3.0.2"
    tar "^6.1.10"

"@iarna/toml@^2.2.5":
  version "2.2.5"
  resolved "https://registry.yarnpkg.com/@iarna/toml/-/toml-2.2.5.tgz#b32366c89b43c6f8cefbdefac778b9c828e3ba8c"
  integrity sha512-trnsAYxU3xnS1gPHPyU961coFyLkh4gAD/0zQ5mymY4yOZ+CYvsPqUbOFSw0aDM4y0tV7tiFxL/1XfXPNC6IPg==

"@miniflare/cache@2.3.0":
  version "2.3.0"
  resolved "https://registry.yarnpkg.com/@miniflare/cache/-/cache-2.3.0.tgz#664af6ca212241653bef5e2b93b4608dbac103c7"
  integrity sha512-lOf3WVtrs0ac7KOtsQ+JOGHWR90zsqqJbolE+Wt4hIZuvM2U3t1RD2Ms7U20J301msVIsBAd02IL57H95LXQtQ==
  dependencies:
    "@miniflare/core" "2.3.0"
    "@miniflare/shared" "2.3.0"
    http-cache-semantics "^4.1.0"
    undici "4.13.0"

"@miniflare/cli-parser@2.3.0":
  version "2.3.0"
  resolved "https://registry.yarnpkg.com/@miniflare/cli-parser/-/cli-parser-2.3.0.tgz#536f1d09a6de3c59ce8c9de99abc0dbcac8df37c"
  integrity sha512-yQzU+OBBvWshr9qVxAe6bWXJLNfpmLYrfkfR3u+rPOo2LYnccWg0f/8jtxrXM1TIyu+tCOJGqCODpO//XtrwWw==
  dependencies:
    "@miniflare/shared" "2.3.0"
    kleur "^4.1.4"

"@miniflare/core@2.3.0":
  version "2.3.0"
  resolved "https://registry.yarnpkg.com/@miniflare/core/-/core-2.3.0.tgz#29e5756d2772d09c6cdf77d2c84fc85888e30bf8"
  integrity sha512-Dltb3p+Uq5Lx53DuInckHYaDoMrBq49HE/p/oUDXmzHmQy7EAM6v+nJGKmiM9Uen4OqyqsmlmPWqntSMjaX7Jg==
  dependencies:
    "@iarna/toml" "^2.2.5"
    "@miniflare/shared" "2.3.0"
    "@miniflare/watcher" "2.3.0"
    busboy "^0.3.1"
    dotenv "^10.0.0"
    kleur "^4.1.4"
    set-cookie-parser "^2.4.8"
    undici "4.13.0"

"@miniflare/durable-objects@2.3.0":
  version "2.3.0"
  resolved "https://registry.yarnpkg.com/@miniflare/durable-objects/-/durable-objects-2.3.0.tgz#7db50fd6071bf5f2e64655e5c1836c829aee43be"
  integrity sha512-YuzxBBu9xBU3xxD4TzGdeVVMXrE76AWJE4MIqkJR5UmASqayyv//cApGw3+C01NHe07cpbrTM1QTgFo2eBncwQ==
  dependencies:
    "@miniflare/core" "2.3.0"
    "@miniflare/shared" "2.3.0"
    "@miniflare/storage-memory" "2.3.0"
    undici "4.13.0"

"@miniflare/html-rewriter@2.3.0":
  version "2.3.0"
  resolved "https://registry.yarnpkg.com/@miniflare/html-rewriter/-/html-rewriter-2.3.0.tgz#5feaf023d19d3542df02a3b0f643c12d9ac45986"
  integrity sha512-cyWhmQgzhtRlBeg0mxP5FmAq/75ChuLwWQlhokx88XkGnteuh0/DOk3OxIMaveF2oDHKmIlLFgSlzv4NbT1Mng==
  dependencies:
    "@miniflare/core" "2.3.0"
    "@miniflare/shared" "2.3.0"
    html-rewriter-wasm "^0.4.1"
    undici "4.13.0"

"@miniflare/http-server@2.3.0":
  version "2.3.0"
  resolved "https://registry.yarnpkg.com/@miniflare/http-server/-/http-server-2.3.0.tgz#78c18468934bc2cbca1fc493a48c3a1e3a830adb"
  integrity sha512-jTzsRuro3yWVb4T85znBGw1w+ydimgi2PJvHrTuGFKDjFam+R037fGH+HZCAjAgPiBHTroXfkeSXypJLXbQBEg==
  dependencies:
    "@miniflare/core" "2.3.0"
    "@miniflare/shared" "2.3.0"
    "@miniflare/web-sockets" "2.3.0"
    kleur "^4.1.4"
    selfsigned "^2.0.0"
    undici "4.13.0"
    ws "^8.2.2"
    youch "^2.2.2"

"@miniflare/kv@2.3.0":
  version "2.3.0"
  resolved "https://registry.yarnpkg.com/@miniflare/kv/-/kv-2.3.0.tgz#152c58fff3cd2ea1cd82859d46c3b6bc7d8026e7"
  integrity sha512-m0zu5sRoaFDm+WVTnLRrz8+77b6eVxQN7cLN6ZQiKP3Nd8cAggPdaIIef8dVksWbPvOW9DztoUVZTB1v9EOaLA==
  dependencies:
    "@miniflare/shared" "2.3.0"

"@miniflare/runner-vm@2.3.0":
  version "2.3.0"
  resolved "https://registry.yarnpkg.com/@miniflare/runner-vm/-/runner-vm-2.3.0.tgz#c2881a7f7cb78244c3456be044bf604520743543"
  integrity sha512-/aB997YodNcRFxtlnvEn4BJSIqKXRw29FexOqCWwWv+b7XQkTTxd4IfSocIFi6du3265gp85icqP/hxsLAQBVg==
  dependencies:
    "@miniflare/shared" "2.3.0"

"@miniflare/scheduler@2.3.0":
  version "2.3.0"
  resolved "https://registry.yarnpkg.com/@miniflare/scheduler/-/scheduler-2.3.0.tgz#9feaf76bbdff5924a41157d6b18d998d13b66b59"
  integrity sha512-Er80srMNXbxqGbYXtiZkD8UlveHsw4cpwcytQgsEJCHG7/48vC/rpmtN0zKOWFEHifaOUvHhURZRJu+S2E4Stg==
  dependencies:
    "@miniflare/core" "2.3.0"
    "@miniflare/shared" "2.3.0"
    cron-schedule "^3.0.4"

"@miniflare/shared@2.3.0":
  version "2.3.0"
  resolved "https://registry.yarnpkg.com/@miniflare/shared/-/shared-2.3.0.tgz#7ad2f09bc85125872301578848b46b7d8b4a77ce"
  integrity sha512-TvCSUe1op5AKINx3zHSSdfAbdoV3eSF3MzeVQA4+1NmtuefY8cjujQCdILeAxg3oPbHXaZkc7j1zZ13rYdvwGQ==
  dependencies:
    ignore "^5.1.8"
    kleur "^4.1.4"

"@miniflare/sites@2.3.0":
  version "2.3.0"
  resolved "https://registry.yarnpkg.com/@miniflare/sites/-/sites-2.3.0.tgz#b8d158b402fa52c35d27c478743e01714f75beb1"
  integrity sha512-WkRBxQbf6k/eS1D/D1mw30Zs253TFeIkWFh8HQ8Z36Kdt79rNVezT9YmRpahUfvYXmubTquV5JftNOAhvbOJXA==
  dependencies:
    "@miniflare/kv" "2.3.0"
    "@miniflare/shared" "2.3.0"
    "@miniflare/storage-file" "2.3.0"

"@miniflare/storage-file@2.3.0":
  version "2.3.0"
  resolved "https://registry.yarnpkg.com/@miniflare/storage-file/-/storage-file-2.3.0.tgz#34b6653ef37d3269fef1fdfa680b153f05831e31"
  integrity sha512-1rda/MC0R8wVC6N7Na2EdSGNAZv6o/yugp7Z+GikJ1vbgi1+9soAczDzFtaq4jrBzAkCFOMT79DgkSKSl59vxg==
  dependencies:
    "@miniflare/shared" "2.3.0"
    "@miniflare/storage-memory" "2.3.0"

"@miniflare/storage-memory@2.3.0":
  version "2.3.0"
  resolved "https://registry.yarnpkg.com/@miniflare/storage-memory/-/storage-memory-2.3.0.tgz#1a6ac118243aefe6b91232c739316a995eb0296f"
  integrity sha512-cMqQK9neRySchoNUVhQYOmLFrYkAjT5V113Wfxmsz93dladQ1/mXOsndqPrlb+5hhnwbw4Ns67nyzkHUe9sX/g==
  dependencies:
    "@miniflare/shared" "2.3.0"

"@miniflare/watcher@2.3.0":
  version "2.3.0"
  resolved "https://registry.yarnpkg.com/@miniflare/watcher/-/watcher-2.3.0.tgz#82c8cba1c37d619f4790bc9b230cdaa45f677fdf"
  integrity sha512-G0ZE9WHIcdR2TlPXwwQabULDIMZ9LujfC0tn+yXmPXKxgWoJWcWFmUbkhVDcOJzkIz2TAhRlLbW11n8nChUHFQ==
  dependencies:
    "@miniflare/shared" "2.3.0"

"@miniflare/web-sockets@2.3.0":
  version "2.3.0"
  resolved "https://registry.yarnpkg.com/@miniflare/web-sockets/-/web-sockets-2.3.0.tgz#50c548dffc55cb4f418f270cf41759663bb1141b"
  integrity sha512-3xcPG1vfiMb2obVC4jNtS5VzUxzM1rdUrWPCG86gpZaHky0xC1U7Tp+eFdxQFTty99HPYrrVKXl1ww2h1LGWRA==
  dependencies:
    "@miniflare/core" "2.3.0"
    "@miniflare/shared" "2.3.0"
    undici "4.13.0"
    ws "^8.2.2"

"@types/stack-trace@0.0.29":
  version "0.0.29"
  resolved "https://registry.yarnpkg.com/@types/stack-trace/-/stack-trace-0.0.29.tgz#eb7a7c60098edb35630ed900742a5ecb20cfcb4d"
  integrity sha512-TgfOX+mGY/NyNxJLIbDWrO9DjGoVSW9+aB8H2yy1fy32jsvxijhmyJI9fDFgvz3YP4lvJaq9DzdR/M1bOgVc9g==

axios@^0.21.1:
  version "0.21.4"
  resolved "https://registry.yarnpkg.com/axios/-/axios-0.21.4.tgz#c67b90dc0568e5c1cf2b0b858c43ba28e2eda575"
  integrity sha512-ut5vewkiu8jjGBdqpM44XxjuCjq9LAKeHVmoVfHVzy8eHgxxq8SbAVQNovDA8mVi05kP0Ea/n/UzcSHcTJQfNg==
  dependencies:
    follow-redirects "^1.14.0"

balanced-match@^1.0.0:
  version "1.0.2"
  resolved "https://registry.yarnpkg.com/balanced-match/-/balanced-match-1.0.2.tgz#e83e3a7e3f300b34cb9d87f615fa0cbf357690ee"
  integrity sha512-3oSeUO0TMV67hN1AmbXsK4yaqU7tjiHlbxRDZOpH0KW9+CeX4bRAaX0Anxt0tx2MrpRpWwQaPwIlISEJhYU5Pw==

brace-expansion@^1.1.7:
  version "1.1.11"
  resolved "https://registry.yarnpkg.com/brace-expansion/-/brace-expansion-1.1.11.tgz#3c7fcbf529d87226f3d2f52b966ff5271eb441dd"
  integrity sha512-iCuPHDFgrHX7H2vEI/5xpz07zSHB00TpugqhmYtVmMO6518mCuRMoOYFldEBl0g187ufozdaHgWKcYFb61qGiA==
  dependencies:
    balanced-match "^1.0.0"
    concat-map "0.0.1"

buffer-from@^1.0.0:
  version "1.1.2"
  resolved "https://registry.yarnpkg.com/buffer-from/-/buffer-from-1.1.2.tgz#2b146a6fd72e80b4f55d255f35ed59a3a9a41bd5"
  integrity sha512-E+XQCRwSbaaiChtv6k6Dwgc+bx+Bs6vuKJHHl5kox/BaKbhiXzqQOwK4cO22yElGp2OCmjwVhT3HmxgyPGnJfQ==

busboy@^0.3.1:
  version "0.3.1"
  resolved "https://registry.yarnpkg.com/busboy/-/busboy-0.3.1.tgz#170899274c5bf38aae27d5c62b71268cd585fd1b"
  integrity sha512-y7tTxhGKXcyBxRKAni+awqx8uqaJKrSFSNFSeRG5CsWNdmy2BIK+6VGWEW7TZnIO/533mtMEA4rOevQV815YJw==
  dependencies:
    dicer "0.3.0"

chownr@^2.0.0:
  version "2.0.0"
  resolved "https://registry.yarnpkg.com/chownr/-/chownr-2.0.0.tgz#15bfbe53d2eab4cf70f18a8cd68ebe5b3cb1dece"
  integrity sha512-bIomtDF5KGpdogkLd9VspvFzk9KfpyyGlS8YFVZl7TGPBHL5snIOnxeshwVgPteQ9b4Eydl+pVbIyE1DcvCWgQ==

concat-map@0.0.1:
  version "0.0.1"
  resolved "https://registry.yarnpkg.com/concat-map/-/concat-map-0.0.1.tgz#d8a96bd77fd68df7793a73036a3ba0d5405d477b"
  integrity sha1-2Klr13/Wjfd5OnMDajug1UBdR3s=

cookie@^0.4.1:
  version "0.4.2"
  resolved "https://registry.yarnpkg.com/cookie/-/cookie-0.4.2.tgz#0e41f24de5ecf317947c82fc789e06a884824432"
  integrity sha512-aSWTXFzaKWkvHO1Ny/s+ePFpvKsPnjc551iI41v3ny/ow6tBG5Vd+FuqGNhh1LxOmVzOlGUriIlOaokOvhaStA==

cron-schedule@^3.0.4:
  version "3.0.5"
  resolved "https://registry.yarnpkg.com/cron-schedule/-/cron-schedule-3.0.5.tgz#8a85ed3016ff2a5479f9c32a6f0e6b0a93a02b6f"
  integrity sha512-YjtB4jy7RJEX8j9GokHp+y8S/ihCHjrD2Z3E13LSGP/+G0Sdv+MEKsZu5wPLLWwW1HQc4HwpGMFU3GUTStZTaA==

dicer@0.3.0:
  version "0.3.0"
  resolved "https://registry.yarnpkg.com/dicer/-/dicer-0.3.0.tgz#eacd98b3bfbf92e8ab5c2fdb71aaac44bb06b872"
  integrity sha512-MdceRRWqltEG2dZqO769g27N/3PXfcKl04VhYnBlo2YhH7zPi88VebsjTKclaOyiuMaGU72hTfw3VkUitGcVCA==
  dependencies:
    streamsearch "0.1.2"

dotenv@^10.0.0:
  version "10.0.0"
  resolved "https://registry.yarnpkg.com/dotenv/-/dotenv-10.0.0.tgz#3d4227b8fb95f81096cdd2b66653fb2c7085ba81"
  integrity sha512-rlBi9d8jpv9Sf1klPjNfFAuWDjKLwTIJJ/VxtoTwIR6hnZxcEOQCZg2oIL3MWBYw5GpUDKOEnND7LXTbIpQ03Q==

follow-redirects@^1.14.0:
  version "1.14.9"
  resolved "https://registry.yarnpkg.com/follow-redirects/-/follow-redirects-1.14.9.tgz#dd4ea157de7bfaf9ea9b3fbd85aa16951f78d8d7"
  integrity sha512-MQDfihBQYMcyy5dhRDJUHcw7lb2Pv/TuE6xP1vyraLukNDHKbDxDNaOE3NbCAdKQApno+GPRyo1YAp89yCjK4w==

fs-minipass@^2.0.0:
  version "2.1.0"
  resolved "https://registry.yarnpkg.com/fs-minipass/-/fs-minipass-2.1.0.tgz#7f5036fdbf12c63c169190cbe4199c852271f9fb"
  integrity sha512-V/JgOLFCS+R6Vcq0slCuaeWEdNC3ouDlJMNIsacH2VtALiu9mV4LPrHc5cDl8k5aw6J8jwgWWpiTo5RYhmIzvg==
  dependencies:
    minipass "^3.0.0"

fs.realpath@^1.0.0:
  version "1.0.0"
  resolved "https://registry.yarnpkg.com/fs.realpath/-/fs.realpath-1.0.0.tgz#1504ad2523158caa40db4a2787cb01411994ea4f"
  integrity sha1-FQStJSMVjKpA20onh8sBQRmU6k8=

glob@^7.1.3:
  version "7.2.0"
  resolved "https://registry.yarnpkg.com/glob/-/glob-7.2.0.tgz#d15535af7732e02e948f4c41628bd910293f6023"
  integrity sha512-lmLf6gtyrPq8tTjSmrO94wBeQbFR3HbLHbuyD69wuyQkImp2hWqMGB47OX65FBkPffO641IP9jWa1z4ivqG26Q==
  dependencies:
    fs.realpath "^1.0.0"
    inflight "^1.0.4"
    inherits "2"
    minimatch "^3.0.4"
    once "^1.3.0"
    path-is-absolute "^1.0.0"

html-rewriter-wasm@^0.4.1:
  version "0.4.1"
  resolved "https://registry.yarnpkg.com/html-rewriter-wasm/-/html-rewriter-wasm-0.4.1.tgz#235e3d96c1aa4bfd2182661ee13881e290ff5ff2"
  integrity sha512-lNovG8CMCCmcVB1Q7xggMSf7tqPCijZXaH4gL6iE8BFghdQCbaY5Met9i1x2Ex8m/cZHDUtXK9H6/znKamRP8Q==

http-cache-semantics@^4.1.0:
  version "4.1.0"
  resolved "https://registry.yarnpkg.com/http-cache-semantics/-/http-cache-semantics-4.1.0.tgz#49e91c5cbf36c9b94bcfcd71c23d5249ec74e390"
  integrity sha512-carPklcUh7ROWRK7Cv27RPtdhYhUsela/ue5/jKzjegVvXDqM2ILE9Q2BGn9JZJh1g87cp56su/FgQSzcWS8cQ==

ignore@^5.1.8:
  version "5.2.0"
  resolved "https://registry.yarnpkg.com/ignore/-/ignore-5.2.0.tgz#6d3bac8fa7fe0d45d9f9be7bac2fc279577e345a"
  integrity sha512-CmxgYGiEPCLhfLnpPp1MoRmifwEIOgjcHXxOBjv7mY96c+eWScsOP9c112ZyLdWHi0FxHjI+4uVhKYp/gcdRmQ==

inflight@^1.0.4:
  version "1.0.6"
  resolved "https://registry.yarnpkg.com/inflight/-/inflight-1.0.6.tgz#49bd6331d7d02d0c09bc910a1075ba8165b56df9"
  integrity sha1-Sb1jMdfQLQwJvJEKEHW6gWW1bfk=
  dependencies:
    once "^1.3.0"
    wrappy "1"

inherits@2:
  version "2.0.4"
  resolved "https://registry.yarnpkg.com/inherits/-/inherits-2.0.4.tgz#0fa2c64f932917c3433a0ded55363aae37416b7c"
  integrity sha512-k/vGaX4/Yla3WzyMCvTQOXYeIHvqOKtnqBduzTHpzpQZzAskKMhZ2K+EnBiSM9zGSoIFeMpXKxa4dYeZIQqewQ==

kleur@^4.1.4:
  version "4.1.4"
  resolved "https://registry.yarnpkg.com/kleur/-/kleur-4.1.4.tgz#8c202987d7e577766d039a8cd461934c01cda04d"
  integrity sha512-8QADVssbrFjivHWQU7KkMgptGTl6WAcSdlbBPY4uNF+mWr6DGcKrvY2w4FQJoXch7+fKMjj0dRrL75vk3k23OA==

miniflare@^2.3.0:
  version "2.3.0"
  resolved "https://registry.yarnpkg.com/miniflare/-/miniflare-2.3.0.tgz#ab2308c58d80337c384f2d2ffa1312f98615fea5"
  integrity sha512-0lK4Df+jfqLDSDDgj4AOJffb1G6sN7XvB5QGUaquEakW+qPdurydyNhFKcFKBgpk4ozN6WTmB2x802iPXQcJJQ==
  dependencies:
    "@miniflare/cache" "2.3.0"
    "@miniflare/cli-parser" "2.3.0"
    "@miniflare/core" "2.3.0"
    "@miniflare/durable-objects" "2.3.0"
    "@miniflare/html-rewriter" "2.3.0"
    "@miniflare/http-server" "2.3.0"
    "@miniflare/kv" "2.3.0"
    "@miniflare/runner-vm" "2.3.0"
    "@miniflare/scheduler" "2.3.0"
    "@miniflare/shared" "2.3.0"
    "@miniflare/sites" "2.3.0"
    "@miniflare/storage-file" "2.3.0"
    "@miniflare/storage-memory" "2.3.0"
    "@miniflare/web-sockets" "2.3.0"
    kleur "^4.1.4"
    semiver "^1.1.0"
    source-map-support "^0.5.20"
    undici "4.13.0"

minimatch@^3.0.4:
  version "3.1.2"
  resolved "https://registry.yarnpkg.com/minimatch/-/minimatch-3.1.2.tgz#19cd194bfd3e428f049a70817c038d89ab4be35b"
  integrity sha512-J7p63hRiAjw1NDEww1W7i37+ByIrOWO5XQQAzZ3VOcL0PNybwpfmV/N05zFAzwQ9USyEcX6t3UO+K5aqBQOIHw==
  dependencies:
    brace-expansion "^1.1.7"

minipass@^3.0.0:
  version "3.1.6"
  resolved "https://registry.yarnpkg.com/minipass/-/minipass-3.1.6.tgz#3b8150aa688a711a1521af5e8779c1d3bb4f45ee"
  integrity sha512-rty5kpw9/z8SX9dmxblFA6edItUmwJgMeYDZRrwlIVN27i8gysGbznJwUggw2V/FVqFSDdWy040ZPS811DYAqQ==
  dependencies:
    yallist "^4.0.0"

minizlib@^2.1.1:
  version "2.1.2"
  resolved "https://registry.yarnpkg.com/minizlib/-/minizlib-2.1.2.tgz#e90d3466ba209b932451508a11ce3d3632145931"
  integrity sha512-bAxsR8BVfj60DWXHE3u30oHzfl4G7khkSuPW+qvpd7jFRHm7dLxOjUk1EHACJ/hxLY8phGJ0YhYHZo7jil7Qdg==
  dependencies:
    minipass "^3.0.0"
    yallist "^4.0.0"

mkdirp@^1.0.3:
  version "1.0.4"
  resolved "https://registry.yarnpkg.com/mkdirp/-/mkdirp-1.0.4.tgz#3eb5ed62622756d79a5f0e2a221dfebad75c2f7e"
  integrity sha512-vVqVZQyf3WLx2Shd0qJ9xuvqgAyKPLAiqITEtqW0oIUjzo3PePDd6fW9iFz30ef7Ysp/oiWqbhszeGWW2T6Gzw==

mustache@^4.2.0:
  version "4.2.0"
  resolved "https://registry.yarnpkg.com/mustache/-/mustache-4.2.0.tgz#e5892324d60a12ec9c2a73359edca52972bf6f64"
  integrity sha512-71ippSywq5Yb7/tVYyGbkBggbU8H3u5Rz56fH60jGFgr8uHwxs+aSKeqmluIVzM0m0kB7xQjKS6qPfd0b2ZoqQ==

node-forge@^1.2.0:
  version "1.2.1"
  resolved "https://registry.yarnpkg.com/node-forge/-/node-forge-1.2.1.tgz#82794919071ef2eb5c509293325cec8afd0fd53c"
  integrity sha512-Fcvtbb+zBcZXbTTVwqGA5W+MKBj56UjVRevvchv5XrcyXbmNdesfZL37nlcWOfpgHhgmxApw3tQbTr4CqNmX4w==

once@^1.3.0:
  version "1.4.0"
  resolved "https://registry.yarnpkg.com/once/-/once-1.4.0.tgz#583b1aa775961d4b113ac17d9c50baef9dd76bd1"
  integrity sha1-WDsap3WWHUsROsF9nFC6753Xa9E=
  dependencies:
    wrappy "1"

path-is-absolute@^1.0.0:
  version "1.0.1"
  resolved "https://registry.yarnpkg.com/path-is-absolute/-/path-is-absolute-1.0.1.tgz#174b9268735534ffbc7ace6bf53a5a9e1b5c5f5f"
  integrity sha1-F0uSaHNVNP+8es5r9TpanhtcX18=

prettier@^2.5.1:
  version "2.5.1"
  resolved "https://registry.yarnpkg.com/prettier/-/prettier-2.5.1.tgz#fff75fa9d519c54cf0fce328c1017d94546bc56a"
  integrity sha512-vBZcPRUR5MZJwoyi3ZoyQlc1rXeEck8KgeC9AwwOn+exuxLxq5toTRDTSaVrXHxelDMHy9zlicw8u66yxoSUFg==

rimraf@^3.0.2:
  version "3.0.2"
  resolved "https://registry.yarnpkg.com/rimraf/-/rimraf-3.0.2.tgz#f1a5402ba6220ad52cc1282bac1ae3aa49fd061a"
  integrity sha512-JZkJMZkAGFFPP2YqXZXPbMlMBgsxzE8ILs4lMIX/2o0L9UBw9O/Y3o6wFw/i9YLapcUJWwqbi3kdxIPdC62TIA==
  dependencies:
    glob "^7.1.3"

selfsigned@^2.0.0:
  version "2.0.0"
  resolved "https://registry.yarnpkg.com/selfsigned/-/selfsigned-2.0.0.tgz#e927cd5377cbb0a1075302cff8df1042cc2bce5b"
  integrity sha512-cUdFiCbKoa1mZ6osuJs2uDHrs0k0oprsKveFiiaBKCNq3SYyb5gs2HxhQyDNLCmL51ZZThqi4YNDpCK6GOP1iQ==
  dependencies:
    node-forge "^1.2.0"

semiver@^1.1.0:
  version "1.1.0"
  resolved "https://registry.yarnpkg.com/semiver/-/semiver-1.1.0.tgz#9c97fb02c21c7ce4fcf1b73e2c7a24324bdddd5f"
  integrity sha512-QNI2ChmuioGC1/xjyYwyZYADILWyW6AmS1UH6gDj/SFUUUS4MBAWs/7mxnkRPc/F4iHezDP+O8t0dO8WHiEOdg==

set-cookie-parser@^2.4.8:
  version "2.4.8"
  resolved "https://registry.yarnpkg.com/set-cookie-parser/-/set-cookie-parser-2.4.8.tgz#d0da0ed388bc8f24e706a391f9c9e252a13c58b2"
  integrity sha512-edRH8mBKEWNVIVMKejNnuJxleqYE/ZSdcT8/Nem9/mmosx12pctd80s2Oy00KNZzrogMZS5mauK2/ymL1bvlvg==

source-map-support@^0.5.20:
  version "0.5.21"
  resolved "https://registry.yarnpkg.com/source-map-support/-/source-map-support-0.5.21.tgz#04fe7c7f9e1ed2d662233c28cb2b35b9f63f6e4f"
  integrity sha512-uBHU3L3czsIyYXKX88fdrGovxdSCoTGDRZ6SYXtSRxLZUzHg5P/66Ht6uoUlHu9EZod+inXhKo3qQgwXUT/y1w==
  dependencies:
    buffer-from "^1.0.0"
    source-map "^0.6.0"

source-map@^0.6.0:
  version "0.6.1"
  resolved "https://registry.yarnpkg.com/source-map/-/source-map-0.6.1.tgz#74722af32e9614e9c287a8d0bbde48b5e2f1a263"
  integrity sha512-UjgapumWlbMhkBgzT7Ykc5YXUT46F0iKu8SGXq0bcwP5dz/h0Plj6enJqjz1Zbq2l5WaqYnrVbwWOWMyF3F47g==

stack-trace@0.0.10:
  version "0.0.10"
  resolved "https://registry.yarnpkg.com/stack-trace/-/stack-trace-0.0.10.tgz#547c70b347e8d32b4e108ea1a2a159e5fdde19c0"
  integrity sha1-VHxws0fo0ytOEI6hoqFZ5f3eGcA=

streamsearch@0.1.2:
  version "0.1.2"
  resolved "https://registry.yarnpkg.com/streamsearch/-/streamsearch-0.1.2.tgz#808b9d0e56fc273d809ba57338e929919a1a9f1a"
  integrity sha1-gIudDlb8Jz2Am6VzOOkpkZoanxo=

tar@^6.1.10:
  version "6.1.11"
  resolved "https://registry.yarnpkg.com/tar/-/tar-6.1.11.tgz#6760a38f003afa1b2ffd0ffe9e9abbd0eab3d621"
  integrity sha512-an/KZQzQUkZCkuoAA64hM92X0Urb6VpRhAFllDzz44U2mcD5scmT3zBc4VgVpkugF580+DQn8eAFSyoQt0tznA==
  dependencies:
    chownr "^2.0.0"
    fs-minipass "^2.0.0"
    minipass "^3.0.0"
    minizlib "^2.1.1"
    mkdirp "^1.0.3"
    yallist "^4.0.0"

undici@4.13.0:
  version "4.13.0"
  resolved "https://registry.yarnpkg.com/undici/-/undici-4.13.0.tgz#7d10fe150c3241a6b3b0eba80eff59c9fb40f359"
  integrity sha512-8lk8S/f2V0VUNGf2scU2b+KI2JSzEQLdCyRNRF3XmHu+5jectlSDaPSBCXAHFaUlt1rzngzOBVDgJS9/Gue/KA==

wrappy@1:
  version "1.0.2"
  resolved "https://registry.yarnpkg.com/wrappy/-/wrappy-1.0.2.tgz#b5243d8f3ec1aa35f1364605bc0d1036e30ab69f"
  integrity sha1-tSQ9jz7BqjXxNkYFvA0QNuMKtp8=

ws@^8.2.2:
  version "8.5.0"
  resolved "https://registry.yarnpkg.com/ws/-/ws-8.5.0.tgz#bfb4be96600757fe5382de12c670dab984a1ed4f"
  integrity sha512-BWX0SWVgLPzYwF8lTzEy1egjhS4S4OEAHfsO8o65WOVsrnSRGaSiUaa9e0ggGlkMTtBlmOpEXiie9RUcBO86qg==

yallist@^4.0.0:
  version "4.0.0"
  resolved "https://registry.yarnpkg.com/yallist/-/yallist-4.0.0.tgz#9bb92790d9c0effec63be73519e11a35019a3a72"
  integrity sha512-3wdGidZyq5PB084XLES5TpOSRA3wjXAlIWMhum2kRcv/41Sn2emQ0dycQW4uZXLejwKvg6EsvbdlVL+FYEct7A==

youch@^2.2.2:
  version "2.2.2"
  resolved "https://registry.yarnpkg.com/youch/-/youch-2.2.2.tgz#cb87a359a5c524ebd35eb07ca3a1521dbc7e1a3e"
  integrity sha512-/FaCeG3GkuJwaMR34GHVg0l8jCbafZLHiFowSjqLlqhC6OMyf2tPJBu8UirF7/NI9X/R5ai4QfEKUCOxMAGxZQ==
  dependencies:
    "@types/stack-trace" "0.0.29"
    cookie "^0.4.1"
    mustache "^4.2.0"
    stack-trace "0.0.10"
